
Microsoft Visual Studio Solution File, Format Version 12.00
# Visual Studio Version 17
VisualStudioVersion = 17.0.31903.59
MinimumVisualStudioVersion = 10.0.40219.1
Project("{FAE04EC0-301F-11D3-BF4B-00C04F79EFBC}") = "Base", "Base\Base.csproj", "{785C2BAF-DE3B-48E3-8DA0-4C3B459BDDDF}"
EndProject
Project("{FAE04EC0-301F-11D3-BF4B-00C04F79EFBC}") = "Initial", "Initial\Initial.csproj", "{C347B882-BE21-4DEF-9EEF-445CBF05E7A7}"
EndProject
Project("{FAE04EC0-301F-11D3-BF4B-00C04F79EFBC}") = "Accounting", "Accounting\Accounting.csproj", "{7B6AFE67-BF36-4D2F-A3B3-9D3606FF0BF6}"
EndProject
Global
	GlobalSection(SolutionConfigurationPlatforms) = preSolution
		Debug|Any CPU = Debug|Any CPU
		Release|Any CPU = Release|Any CPU
	EndGlobalSection
	GlobalSection(SolutionProperties) = preSolution
		HideSolutionNode = FALSE
	EndGlobalSection
	GlobalSection(ProjectConfigurationPlatforms) = postSolution
		{785C2BAF-DE3B-48E3-8DA0-4C3B459BDDDF}.Debug|Any CPU.ActiveCfg = Debug|Any CPU
		{785C2BAF-DE3B-48E3-8DA0-4C3B459BDDDF}.Debug|Any CPU.Build.0 = Debug|Any CPU
		{785C2BAF-DE3B-48E3-8DA0-4C3B459BDDDF}.Release|Any CPU.ActiveCfg = Release|Any CPU
		{785C2BAF-DE3B-48E3-8DA0-4C3B459BDDDF}.Release|Any CPU.Build.0 = Release|Any CPU
		{C347B882-BE21-4DEF-9EEF-445CBF05E7A7}.Debug|Any CPU.ActiveCfg = Debug|Any CPU
		{C347B882-BE21-4DEF-9EEF-445CBF05E7A7}.Debug|Any CPU.Build.0 = Debug|Any CPU
		{C347B882-BE21-4DEF-9EEF-445CBF05E7A7}.Release|Any CPU.ActiveCfg = Release|Any CPU
		{C347B882-BE21-4DEF-9EEF-445CBF05E7A7}.Release|Any CPU.Build.0 = Release|Any CPU
		{7B6AFE67-BF36-4D2F-A3B3-9D3606FF0BF6}.Debug|Any CPU.ActiveCfg = Debug|Any CPU
		{7B6AFE67-BF36-4D2F-A3B3-9D3606FF0BF6}.Debug|Any CPU.Build.0 = Debug|Any CPU
		{7B6AFE67-BF36-4D2F-A3B3-9D3606FF0BF6}.Release|Any CPU.ActiveCfg = Release|Any CPU
		{7B6AFE67-BF36-4D2F-A3B3-9D3606FF0BF6}.Release|Any CPU.Build.0 = Release|Any CPU
	EndGlobalSection
EndGlobal
